# THIS IS AN AUTOGENERATED FILE. DO NOT EDIT THIS FILE DIRECTLY.
# yarn lockfile v1


"@bracketed/typescript-config@^4.4.0":
  version "4.4.0"
  resolved "https://registry.yarnpkg.com/@bracketed/typescript-config/-/typescript-config-4.4.0.tgz#9c182c3af9e45fa6f7a478474972434797700d8b"
  integrity sha512-BMiS69l3snAqmm9aUbifQvs8f0uEv3cV4w36jCnRoR2Oh5LVKSJq8VrfgacE9vYim/C5SS4pzKJ1KFg5aYqd2Q==

typescript@^5.0.4:
  version "5.0.4"
  resolved "https://registry.yarnpkg.com/typescript/-/typescript-5.0.4.tgz#b217fd20119bd61a94d4011274e0ab369058da3b"
  integrity sha512-cW9T5W9xY37cc+jfEnaUvX91foxtHkza3Nw3wkoF4sSlKn0MONdkdEndig/qPBWXNkmplh3NzayQzCiHM4/hqw==
